
Microsoft Visual Studio Solution File, Format Version 12.00
# Visual Studio 15
VisualStudioVersion = 15.0.27004.2005
MinimumVisualStudioVersion = 10.0.40219.1
Project("{9A19103F-16F7-4668-BE54-9A1E7A4F7556}") = "ShoppingBasket", "Basket\ShoppingBasket.csproj", "{64FE84DB-BF35-4261-B7C6-09565FB4A8EF}"
EndProject
Project("{FAE04EC0-301F-11D3-BF4B-00C04F79EFBC}") = "ShoppingAPI", "ShoppingAPI\ShoppingAPI.csproj", "{01DA047F-9080-4EA1-86FE-F2F9D2798350}"
EndProject
Project("{FAE04EC0-301F-11D3-BF4B-00C04F79EFBC}") = "TestLayer", "TestLayer\TestLayer.csproj", "{FFD69252-AF0E-43B1-ABDC-8FB6D1C2974F}"
EndProject
Global
	GlobalSection(SolutionConfigurationPlatforms) = preSolution
		Debug|Any CPU = Debug|Any CPU
		Release|Any CPU = Release|Any CPU
	EndGlobalSection
	GlobalSection(ProjectConfigurationPlatforms) = postSolution
		{64FE84DB-BF35-4261-B7C6-09565FB4A8EF}.Debug|Any CPU.ActiveCfg = Debug|Any CPU
		{64FE84DB-BF35-4261-B7C6-09565FB4A8EF}.Debug|Any CPU.Build.0 = Debug|Any CPU
		{64FE84DB-BF35-4261-B7C6-09565FB4A8EF}.Release|Any CPU.ActiveCfg = Release|Any CPU
		{64FE84DB-BF35-4261-B7C6-09565FB4A8EF}.Release|Any CPU.Build.0 = Release|Any CPU
		{01DA047F-9080-4EA1-86FE-F2F9D2798350}.Debug|Any CPU.ActiveCfg = Debug|Any CPU
		{01DA047F-9080-4EA1-86FE-F2F9D2798350}.Debug|Any CPU.Build.0 = Debug|Any CPU
		{01DA047F-9080-4EA1-86FE-F2F9D2798350}.Release|Any CPU.ActiveCfg = Release|Any CPU
		{01DA047F-9080-4EA1-86FE-F2F9D2798350}.Release|Any CPU.Build.0 = Release|Any CPU
		{FFD69252-AF0E-43B1-ABDC-8FB6D1C2974F}.Debug|Any CPU.ActiveCfg = Debug|Any CPU
		{FFD69252-AF0E-43B1-ABDC-8FB6D1C2974F}.Debug|Any CPU.Build.0 = Debug|Any CPU
		{FFD69252-AF0E-43B1-ABDC-8FB6D1C2974F}.Release|Any CPU.ActiveCfg = Release|Any CPU
		{FFD69252-AF0E-43B1-ABDC-8FB6D1C2974F}.Release|Any CPU.Build.0 = Release|Any CPU
	EndGlobalSection
	GlobalSection(SolutionProperties) = preSolution
		HideSolutionNode = FALSE
	EndGlobalSection
	GlobalSection(ExtensibilityGlobals) = postSolution
		SolutionGuid = {5CDBF05A-BA2F-4EAE-8186-D287ABD761F8}
	EndGlobalSection
EndGlobal
